
Microsoft Visual Studio Solution File, Format Version 12.00
# Visual Studio Version 16
VisualStudioVersion = 16.0.32106.194
MinimumVisualStudioVersion = 10.0.40219.1
Project("{FAE04EC0-301F-11D3-BF4B-00C04F79EFBC}") = "5_2", "5_2.csproj", "{D89BB350-A304-4880-AB85-385047863B62}"
EndProject
Global
	GlobalSection(SolutionConfigurationPlatforms) = preSolution
		Debug|Any CPU = Debug|Any CPU
		Release|Any CPU = Release|Any CPU
	EndGlobalSection
	GlobalSection(ProjectConfigurationPlatforms) = postSolution
		{D89BB350-A304-4880-AB85-385047863B62}.Debug|Any CPU.ActiveCfg = Debug|Any CPU
		{D89BB350-A304-4880-AB85-385047863B62}.Debug|Any CPU.Build.0 = Debug|Any CPU
		{D89BB350-A304-4880-AB85-385047863B62}.Release|Any CPU.ActiveCfg = Release|Any CPU
		{D89BB350-A304-4880-AB85-385047863B62}.Release|Any CPU.Build.0 = Release|Any CPU
	EndGlobalSection
	GlobalSection(SolutionProperties) = preSolution
		HideSolutionNode = FALSE
	EndGlobalSection
	GlobalSection(ExtensibilityGlobals) = postSolution
		SolutionGuid = {1779A505-CB61-46E6-9E1B-A55B121F062A}
	EndGlobalSection
EndGlobal
