
Microsoft Visual Studio Solution File, Format Version 12.00
# Visual Studio Version 16
VisualStudioVersion = 16.0.32106.194
MinimumVisualStudioVersion = 10.0.40219.1
Project("{FAE04EC0-301F-11D3-BF4B-00C04F79EFBC}") = "4_2", "4_2.csproj", "{D93B5E8E-2433-4DB3-9CBF-9D6F061D6CC4}"
EndProject
Global
	GlobalSection(SolutionConfigurationPlatforms) = preSolution
		Debug|Any CPU = Debug|Any CPU
		Release|Any CPU = Release|Any CPU
	EndGlobalSection
	GlobalSection(ProjectConfigurationPlatforms) = postSolution
		{D93B5E8E-2433-4DB3-9CBF-9D6F061D6CC4}.Debug|Any CPU.ActiveCfg = Debug|Any CPU
		{D93B5E8E-2433-4DB3-9CBF-9D6F061D6CC4}.Debug|Any CPU.Build.0 = Debug|Any CPU
		{D93B5E8E-2433-4DB3-9CBF-9D6F061D6CC4}.Release|Any CPU.ActiveCfg = Release|Any CPU
		{D93B5E8E-2433-4DB3-9CBF-9D6F061D6CC4}.Release|Any CPU.Build.0 = Release|Any CPU
	EndGlobalSection
	GlobalSection(SolutionProperties) = preSolution
		HideSolutionNode = FALSE
	EndGlobalSection
	GlobalSection(ExtensibilityGlobals) = postSolution
		SolutionGuid = {6B17440D-406D-400A-9FF9-48F8E9095131}
	EndGlobalSection
EndGlobal
