
Microsoft Visual Studio Solution File, Format Version 12.00
# Visual Studio Version 16
VisualStudioVersion = 16.0.32106.194
MinimumVisualStudioVersion = 10.0.40219.1
Project("{FAE04EC0-301F-11D3-BF4B-00C04F79EFBC}") = "1_4", "1_4.csproj", "{B931C26A-C0CF-4EC9-A9EA-4A5A0FCD3666}"
EndProject
Global
	GlobalSection(SolutionConfigurationPlatforms) = preSolution
		Debug|Any CPU = Debug|Any CPU
		Release|Any CPU = Release|Any CPU
	EndGlobalSection
	GlobalSection(ProjectConfigurationPlatforms) = postSolution
		{B931C26A-C0CF-4EC9-A9EA-4A5A0FCD3666}.Debug|Any CPU.ActiveCfg = Debug|Any CPU
		{B931C26A-C0CF-4EC9-A9EA-4A5A0FCD3666}.Debug|Any CPU.Build.0 = Debug|Any CPU
		{B931C26A-C0CF-4EC9-A9EA-4A5A0FCD3666}.Release|Any CPU.ActiveCfg = Release|Any CPU
		{B931C26A-C0CF-4EC9-A9EA-4A5A0FCD3666}.Release|Any CPU.Build.0 = Release|Any CPU
	EndGlobalSection
	GlobalSection(SolutionProperties) = preSolution
		HideSolutionNode = FALSE
	EndGlobalSection
	GlobalSection(ExtensibilityGlobals) = postSolution
		SolutionGuid = {4758BB52-D17D-49DF-B588-AD3914DB35CF}
	EndGlobalSection
EndGlobal
