
Microsoft Visual Studio Solution File, Format Version 12.00
# Visual Studio Version 16
VisualStudioVersion = 16.0.32106.194
MinimumVisualStudioVersion = 10.0.40219.1
Project("{FAE04EC0-301F-11D3-BF4B-00C04F79EFBC}") = "4_1", "4_1.csproj", "{E8748658-BB25-4D98-8D95-3DA758B5959B}"
EndProject
Global
	GlobalSection(SolutionConfigurationPlatforms) = preSolution
		Debug|Any CPU = Debug|Any CPU
		Release|Any CPU = Release|Any CPU
	EndGlobalSection
	GlobalSection(ProjectConfigurationPlatforms) = postSolution
		{E8748658-BB25-4D98-8D95-3DA758B5959B}.Debug|Any CPU.ActiveCfg = Debug|Any CPU
		{E8748658-BB25-4D98-8D95-3DA758B5959B}.Debug|Any CPU.Build.0 = Debug|Any CPU
		{E8748658-BB25-4D98-8D95-3DA758B5959B}.Release|Any CPU.ActiveCfg = Release|Any CPU
		{E8748658-BB25-4D98-8D95-3DA758B5959B}.Release|Any CPU.Build.0 = Release|Any CPU
	EndGlobalSection
	GlobalSection(SolutionProperties) = preSolution
		HideSolutionNode = FALSE
	EndGlobalSection
	GlobalSection(ExtensibilityGlobals) = postSolution
		SolutionGuid = {C18B3C73-D979-44D9-AF12-664B964419AA}
	EndGlobalSection
EndGlobal
