
Microsoft Visual Studio Solution File, Format Version 12.00
# Visual Studio Version 16
VisualStudioVersion = 16.0.32106.194
MinimumVisualStudioVersion = 10.0.40219.1
Project("{FAE04EC0-301F-11D3-BF4B-00C04F79EFBC}") = "5_!", "5_!.csproj", "{15054099-2AC0-4ADE-BE6C-47252F21572D}"
EndProject
Global
	GlobalSection(SolutionConfigurationPlatforms) = preSolution
		Debug|Any CPU = Debug|Any CPU
		Release|Any CPU = Release|Any CPU
	EndGlobalSection
	GlobalSection(ProjectConfigurationPlatforms) = postSolution
		{15054099-2AC0-4ADE-BE6C-47252F21572D}.Debug|Any CPU.ActiveCfg = Debug|Any CPU
		{15054099-2AC0-4ADE-BE6C-47252F21572D}.Debug|Any CPU.Build.0 = Debug|Any CPU
		{15054099-2AC0-4ADE-BE6C-47252F21572D}.Release|Any CPU.ActiveCfg = Release|Any CPU
		{15054099-2AC0-4ADE-BE6C-47252F21572D}.Release|Any CPU.Build.0 = Release|Any CPU
	EndGlobalSection
	GlobalSection(SolutionProperties) = preSolution
		HideSolutionNode = FALSE
	EndGlobalSection
	GlobalSection(ExtensibilityGlobals) = postSolution
		SolutionGuid = {36B071DA-9158-4F17-A7FE-E80925AF7353}
	EndGlobalSection
EndGlobal
