
Microsoft Visual Studio Solution File, Format Version 12.00
# Visual Studio Version 16
VisualStudioVersion = 16.0.32106.194
MinimumVisualStudioVersion = 10.0.40219.1
Project("{FAE04EC0-301F-11D3-BF4B-00C04F79EFBC}") = "Задание2_1", "Задание2_1.csproj", "{423231B7-20C8-4506-B1CF-FAED394EC659}"
EndProject
Global
	GlobalSection(SolutionConfigurationPlatforms) = preSolution
		Debug|Any CPU = Debug|Any CPU
		Release|Any CPU = Release|Any CPU
	EndGlobalSection
	GlobalSection(ProjectConfigurationPlatforms) = postSolution
		{423231B7-20C8-4506-B1CF-FAED394EC659}.Debug|Any CPU.ActiveCfg = Debug|Any CPU
		{423231B7-20C8-4506-B1CF-FAED394EC659}.Debug|Any CPU.Build.0 = Debug|Any CPU
		{423231B7-20C8-4506-B1CF-FAED394EC659}.Release|Any CPU.ActiveCfg = Release|Any CPU
		{423231B7-20C8-4506-B1CF-FAED394EC659}.Release|Any CPU.Build.0 = Release|Any CPU
	EndGlobalSection
	GlobalSection(SolutionProperties) = preSolution
		HideSolutionNode = FALSE
	EndGlobalSection
	GlobalSection(ExtensibilityGlobals) = postSolution
		SolutionGuid = {FA549A4C-8B74-4293-9DA3-8FAB97F05B78}
	EndGlobalSection
EndGlobal
